// !$*UTF8*$!
{
	archiveVersion = 1;
	classes = {
	};
	objectVersion = 56;
	objects = {

/* Begin PBXBuildFile section */
		C38958BB2B8E0B1F001A76F5 /* AppDelegate.swift in Sources */ = {isa = PBXBuildFile; fileRef = C38958BA2B8E0B1F001A76F5 /* AppDelegate.swift */; };
		C38958BD2B8E0B1F001A76F5 /* SceneDelegate.swift in Sources */ = {isa = PBXBuildFile; fileRef = C38958BC2B8E0B1F001A76F5 /* SceneDelegate.swift */; };
		C38958BF2B8E0B1F001A76F5 /* ViewController.swift in Sources */ = {isa = PBXBuildFile; fileRef = C38958BE2B8E0B1F001A76F5 /* ViewController.swift */; };
		C38958C22B8E0B1F001A76F5 /* Main.storyboard in Resources */ = {isa = PBXBuildFile; fileRef = C38958C02B8E0B1F001A76F5 /* Main.storyboard */; };
		C38958C42B8E0B22001A76F5 /* Assets.xcassets in Resources */ = {isa = PBXBuildFile; fileRef = C38958C32B8E0B22001A76F5 /* Assets.xcassets */; };
		C38958C72B8E0B22001A76F5 /* LaunchScreen.storyboard in Resources */ = {isa = PBXBuildFile; fileRef = C38958C52B8E0B22001A76F5 /* LaunchScreen.storyboard */; };
		C38958D22B8E0B23001A76F5 /* RomanticCityAppTests.swift in Sources */ = {isa = PBXBuildFile; fileRef = C38958D12B8E0B23001A76F5 /* RomanticCityAppTests.swift */; };
		C38958DC2B8E0B23001A76F5 /* RomanticCityAppUITests.swift in Sources */ = {isa = PBXBuildFile; fileRef = C38958DB2B8E0B23001A76F5 /* RomanticCityAppUITests.swift */; };
		C38958DE2B8E0B23001A76F5 /* RomanticCityAppUITestsLaunchTests.swift in Sources */ = {isa = PBXBuildFile; fileRef = C38958DD2B8E0B23001A76F5 /* RomanticCityAppUITestsLaunchTests.swift */; };
/* End PBXBuildFile section */

/* Begin PBXContainerItemProxy section */
		C38958CE2B8E0B23001A76F5 /* PBXContainerItemProxy */ = {
			isa = PBXContainerItemProxy;
			containerPortal = C38958AF2B8E0B1F001A76F5 /* Project object */;
			proxyType = 1;
			remoteGlobalIDString = C38958B62B8E0B1F001A76F5;
			remoteInfo = RomanticCityApp;
		};
		C38958D82B8E0B23001A76F5 /* PBXContainerItemProxy */ = {
			isa = PBXContainerItemProxy;
			containerPortal = C38958AF2B8E0B1F001A76F5 /* Project object */;
			proxyType = 1;
			remoteGlobalIDString = C38958B62B8E0B1F001A76F5;
			remoteInfo = RomanticCityApp;
		};
/* End PBXContainerItemProxy section */

/* Begin PBXFileReference section */
		C38958B72B8E0B1F001A76F5 /* RomanticCityApp.app */ = {isa = PBXFileReference; explicitFileType = wrapper.application; includeInIndex = 0; path = RomanticCityApp.app; sourceTree = BUILT_PRODUCTS_DIR; };
		C38958BA2B8E0B1F001A76F5 /* AppDelegate.swift */ = {isa = PBXFileReference; lastKnownFileType = sourcecode.swift; path = AppDelegate.swift; sourceTree = "<group>"; };
		C38958BC2B8E0B1F001A76F5 /* SceneDelegate.swift */ = {isa = PBXFileReference; lastKnownFileType = sourcecode.swift; path = SceneDelegate.swift; sourceTree = "<group>"; };
		C38958BE2B8E0B1F001A76F5 /* ViewController.swift */ = {isa = PBXFileReference; lastKnownFileType = sourcecode.swift; path = ViewController.swift; sourceTree = "<group>"; };
		C38958C12B8E0B1F001A76F5 /* Base */ = {isa = PBXFileReference; lastKnownFileType = file.storyboard; name = Base; path = Base.lproj/Main.storyboard; sourceTree = "<group>"; };
		C38958C32B8E0B22001A76F5 /* Assets.xcassets */ = {isa = PBXFileReference; lastKnownFileType = folder.assetcatalog; path = Assets.xcassets; sourceTree = "<group>"; };
		C38958C62B8E0B22001A76F5 /* Base */ = {isa = PBXFileReference; lastKnownFileType = file.storyboard; name = Base; path = Base.lproj/LaunchScreen.storyboard; sourceTree = "<group>"; };
		C38958C82B8E0B22001A76F5 /* Info.plist */ = {isa = PBXFileReference; lastKnownFileType = text.plist.xml; path = Info.plist; sourceTree = "<group>"; };
		C38958CD2B8E0B23001A76F5 /* RomanticCityAppTests.xctest */ = {isa = PBXFileReference; explicitFileType = wrapper.cfbundle; includeInIndex = 0; path = RomanticCityAppTests.xctest; sourceTree = BUILT_PRODUCTS_DIR; };
		C38958D12B8E0B23001A76F5 /* RomanticCityAppTests.swift */ = {isa = PBXFileReference; lastKnownFileType = sourcecode.swift; path = RomanticCityAppTests.swift; sourceTree = "<group>"; };
		C38958D72B8E0B23001A76F5 /* RomanticCityAppUITests.xctest */ = {isa = PBXFileReference; explicitFileType = wrapper.cfbundle; includeInIndex = 0; path = RomanticCityAppUITests.xctest; sourceTree = BUILT_PRODUCTS_DIR; };
		C38958DB2B8E0B23001A76F5 /* RomanticCityAppUITests.swift */ = {isa = PBXFileReference; lastKnownFileType = sourcecode.swift; path = RomanticCityAppUITests.swift; sourceTree = "<group>"; };
		C38958DD2B8E0B23001A76F5 /* RomanticCityAppUITestsLaunchTests.swift */ = {isa = PBXFileReference; lastKnownFileType = sourcecode.swift; path = RomanticCityAppUITestsLaunchTests.swift; sourceTree = "<group>"; };
/* End PBXFileReference section */

/* Begin PBXFrameworksBuildPhase section */
		C38958B42B8E0B1F001A76F5 /* Frameworks */ = {
			isa = PBXFrameworksBuildPhase;
			buildActionMask = 2147483647;
			files = (
			);
			runOnlyForDeploymentPostprocessing = 0;
		};
		C38958CA2B8E0B23001A76F5 /* Frameworks */ = {
			isa = PBXFrameworksBuildPhase;
			buildActionMask = 2147483647;
			files = (
			);
			runOnlyForDeploymentPostprocessing = 0;
		};
		C38958D42B8E0B23001A76F5 /* Frameworks */ = {
			isa = PBXFrameworksBuildPhase;
			buildActionMask = 2147483647;
			files = (
			);
			runOnlyForDeploymentPostprocessing = 0;
		};
/* End PBXFrameworksBuildPhase section */

/* Begin PBXGroup section */
		C38958AE2B8E0B1F001A76F5 = {
			isa = PBXGroup;
			children = (
				C38958B92B8E0B1F001A76F5 /* RomanticCityApp */,
				C38958D02B8E0B23001A76F5 /* RomanticCityAppTests */,
				C38958DA2B8E0B23001A76F5 /* RomanticCityAppUITests */,
				C38958B82B8E0B1F001A76F5 /* Products */,
			);
			sourceTree = "<group>";
		};
		C38958B82B8E0B1F001A76F5 /* Products */ = {
			isa = PBXGroup;
			children = (
				C38958B72B8E0B1F001A76F5 /* RomanticCityApp.app */,
				C38958CD2B8E0B23001A76F5 /* RomanticCityAppTests.xctest */,
				C38958D72B8E0B23001A76F5 /* RomanticCityAppUITests.xctest */,
			);
			name = Products;
			sourceTree = "<group>";
		};
		C38958B92B8E0B1F001A76F5 /* RomanticCityApp */ = {
			isa = PBXGroup;
			children = (
				C38958BA2B8E0B1F001A76F5 /* AppDelegate.swift */,
				C38958BC2B8E0B1F001A76F5 /* SceneDelegate.swift */,
				C38958BE2B8E0B1F001A76F5 /* ViewController.swift */,
				C38958C02B8E0B1F001A76F5 /* Main.storyboard */,
				C38958C32B8E0B22001A76F5 /* Assets.xcassets */,
				C38958C52B8E0B22001A76F5 /* LaunchScreen.storyboard */,
				C38958C82B8E0B22001A76F5 /* Info.plist */,
			);
			path = RomanticCityApp;
			sourceTree = "<group>";
		};
		C38958D02B8E0B23001A76F5 /* RomanticCityAppTests */ = {
			isa = PBXGroup;
			children = (
				C38958D12B8E0B23001A76F5 /* RomanticCityAppTests.swift */,
			);
			path = RomanticCityAppTests;
			sourceTree = "<group>";
		};
		C38958DA2B8E0B23001A76F5 /* RomanticCityAppUITests */ = {
			isa = PBXGroup;
			children = (
				C38958DB2B8E0B23001A76F5 /* RomanticCityAppUITests.swift */,
				C38958DD2B8E0B23001A76F5 /* RomanticCityAppUITestsLaunchTests.swift */,
			);
			path = RomanticCityAppUITests;
			sourceTree = "<group>";
		};
/* End PBXGroup section */

/* Begin PBXNativeTarget section */
		C38958B62B8E0B1F001A76F5 /* RomanticCityApp */ = {
			isa = PBXNativeTarget;
			buildConfigurationList = C38958E12B8E0B23001A76F5 /* Build configuration list for PBXNativeTarget "RomanticCityApp" */;
			buildPhases = (
				C38958B32B8E0B1F001A76F5 /* Sources */,
				C38958B42B8E0B1F001A76F5 /* Frameworks */,
				C38958B52B8E0B1F001A76F5 /* Resources */,
			);
			buildRules = (
			);
			dependencies = (
			);
			name = RomanticCityApp;
			productName = RomanticCityApp;
			productReference = C38958B72B8E0B1F001A76F5 /* RomanticCityApp.app */;
			productType = "com.apple.product-type.application";
		};
		C38958CC2B8E0B23001A76F5 /* RomanticCityAppTests */ = {
			isa = PBXNativeTarget;
			buildConfigurationList = C38958E42B8E0B23001A76F5 /* Build configuration list for PBXNativeTarget "RomanticCityAppTests" */;
			buildPhases = (
				C38958C92B8E0B23001A76F5 /* Sources */,
				C38958CA2B8E0B23001A76F5 /* Frameworks */,
				C38958CB2B8E0B23001A76F5 /* Resources */,
			);
			buildRules = (
			);
			dependencies = (
				C38958CF2B8E0B23001A76F5 /* PBXTargetDependency */,
			);
			name = RomanticCityAppTests;
			productName = RomanticCityAppTests;
			productReference = C38958CD2B8E0B23001A76F5 /* RomanticCityAppTests.xctest */;
			productType = "com.apple.product-type.bundle.unit-test";
		};
		C38958D62B8E0B23001A76F5 /* RomanticCityAppUITests */ = {
			isa = PBXNativeTarget;
			buildConfigurationList = C38958E72B8E0B23001A76F5 /* Build configuration list for PBXNativeTarget "RomanticCityAppUITests" */;
			buildPhases = (
				C38958D32B8E0B23001A76F5 /* Sources */,
				C38958D42B8E0B23001A76F5 /* Frameworks */,
				C38958D52B8E0B23001A76F5 /* Resources */,
			);
			buildRules = (
			);
			dependencies = (
				C38958D92B8E0B23001A76F5 /* PBXTargetDependency */,
			);
			name = RomanticCityAppUITests;
			productName = RomanticCityAppUITests;
			productReference = C38958D72B8E0B23001A76F5 /* RomanticCityAppUITests.xctest */;
			productType = "com.apple.product-type.bundle.ui-testing";
		};
/* End PBXNativeTarget section */

/* Begin PBXProject section */
		C38958AF2B8E0B1F001A76F5 /* Project object */ = {
			isa = PBXProject;
			attributes = {
				BuildIndependentTargetsInParallel = 1;
				LastSwiftUpdateCheck = 1520;
				LastUpgradeCheck = 1520;
				TargetAttributes = {
					C38958B62B8E0B1F001A76F5 = {
						CreatedOnToolsVersion = 15.2;
					};
					C38958CC2B8E0B23001A76F5 = {
						CreatedOnToolsVersion = 15.2;
						TestTargetID = C38958B62B8E0B1F001A76F5;
					};
					C38958D62B8E0B23001A76F5 = {
						CreatedOnToolsVersion = 15.2;
						TestTargetID = C38958B62B8E0B1F001A76F5;
					};
				};
			};
			buildConfigurationList = C38958B22B8E0B1F001A76F5 /* Build configuration list for PBXProject "RomanticCityApp" */;
			compatibilityVersion = "Xcode 14.0";
			developmentRegion = en;
			hasScannedForEncodings = 0;
			knownRegions = (
				en,
				Base,
			);
			mainGroup = C38958AE2B8E0B1F001A76F5;
			productRefGroup = C38958B82B8E0B1F001A76F5 /* Products */;
			projectDirPath = "";
			projectRoot = "";
			targets = (
				C38958B62B8E0B1F001A76F5 /* RomanticCityApp */,
				C38958CC2B8E0B23001A76F5 /* RomanticCityAppTests */,
				C38958D62B8E0B23001A76F5 /* RomanticCityAppUITests */,
			);
		};
/* End PBXProject section */

/* Begin PBXResourcesBuildPhase section */
		C38958B52B8E0B1F001A76F5 /* Resources */ = {
			isa = PBXResourcesBuildPhase;
			buildActionMask = 2147483647;
			files = (
				C38958C72B8E0B22001A76F5 /* LaunchScreen.storyboard in Resources */,
				C38958C42B8E0B22001A76F5 /* Assets.xcassets in Resources */,
				C38958C22B8E0B1F001A76F5 /* Main.storyboard in Resources */,
			);
			runOnlyForDeploymentPostprocessing = 0;
		};
		C38958CB2B8E0B23001A76F5 /* Resources */ = {
			isa = PBXResourcesBuildPhase;
			buildActionMask = 2147483647;
			files = (
			);
			runOnlyForDeploymentPostprocessing = 0;
		};
		C38958D52B8E0B23001A76F5 /* Resources */ = {
			isa = PBXResourcesBuildPhase;
			buildActionMask = 2147483647;
			files = (
			);
			runOnlyForDeploymentPostprocessing = 0;
		};
/* End PBXResourcesBuildPhase section */

/* Begin PBXSourcesBuildPhase section */
		C38958B32B8E0B1F001A76F5 /* Sources */ = {
			isa = PBXSourcesBuildPhase;
			buildActionMask = 2147483647;
			files = (
				C38958BF2B8E0B1F001A76F5 /* ViewController.swift in Sources */,
				C38958BB2B8E0B1F001A76F5 /* AppDelegate.swift in Sources */,
				C38958BD2B8E0B1F001A76F5 /* SceneDelegate.swift in Sources */,
			);
			runOnlyForDeploymentPostprocessing = 0;
		};
		C38958C92B8E0B23001A76F5 /* Sources */ = {
			isa = PBXSourcesBuildPhase;
			buildActionMask = 2147483647;
			files = (
				C38958D22B8E0B23001A76F5 /* RomanticCityAppTests.swift in Sources */,
			);
			runOnlyForDeploymentPostprocessing = 0;
		};
		C38958D32B8E0B23001A76F5 /* Sources */ = {
			isa = PBXSourcesBuildPhase;
			buildActionMask = 2147483647;
			files = (
				C38958DE2B8E0B23001A76F5 /* RomanticCityAppUITestsLaunchTests.swift in Sources */,
				C38958DC2B8E0B23001A76F5 /* RomanticCityAppUITests.swift in Sources */,
			);
			runOnlyForDeploymentPostprocessing = 0;
		};
/* End PBXSourcesBuildPhase section */

/* Begin PBXTargetDependency section */
		C38958CF2B8E0B23001A76F5 /* PBXTargetDependency */ = {
			isa = PBXTargetDependency;
			target = C38958B62B8E0B1F001A76F5 /* RomanticCityApp */;
			targetProxy = C38958CE2B8E0B23001A76F5 /* PBXContainerItemProxy */;
		};
		C38958D92B8E0B23001A76F5 /* PBXTargetDependency */ = {
			isa = PBXTargetDependency;
			target = C38958B62B8E0B1F001A76F5 /* RomanticCityApp */;
			targetProxy = C38958D82B8E0B23001A76F5 /* PBXContainerItemProxy */;
		};
/* End PBXTargetDependency section */

/* Begin PBXVariantGroup section */
		C38958C02B8E0B1F001A76F5 /* Main.storyboard */ = {
			isa = PBXVariantGroup;
			children = (
				C38958C12B8E0B1F001A76F5 /* Base */,
			);
			name = Main.storyboard;
			sourceTree = "<group>";
		};
		C38958C52B8E0B22001A76F5 /* LaunchScreen.storyboard */ = {
			isa = PBXVariantGroup;
			children = (
				C38958C62B8E0B22001A76F5 /* Base */,
			);
			name = LaunchScreen.storyboard;
			sourceTree = "<group>";
		};
/* End PBXVariantGroup section */

/* Begin XCBuildConfiguration section */
		C38958DF2B8E0B23001A76F5 /* Debug */ = {
			isa = XCBuildConfiguration;
			buildSettings = {
				ALWAYS_SEARCH_USER_PATHS = NO;
				ASSETCATALOG_COMPILER_GENERATE_SWIFT_ASSET_SYMBOL_EXTENSIONS = YES;
				CLANG_ANALYZER_NONNULL = YES;
				CLANG_ANALYZER_NUMBER_OBJECT_CONVERSION = YES_AGGRESSIVE;
				CLANG_CXX_LANGUAGE_STANDARD = "gnu++20";
				CLANG_ENABLE_MODULES = YES;
				CLANG_ENABLE_OBJC_ARC = YES;
				CLANG_ENABLE_OBJC_WEAK = YES;
				CLANG_WARN_BLOCK_CAPTURE_AUTORELEASING = YES;
				CLANG_WARN_BOOL_CONVERSION = YES;
				CLANG_WARN_COMMA = YES;
				CLANG_WARN_CONSTANT_CONVERSION = YES;
				CLANG_WARN_DEPRECATED_OBJC_IMPLEMENTATIONS = YES;
				CLANG_WARN_DIRECT_OBJC_ISA_USAGE = YES_ERROR;
				CLANG_WARN_DOCUMENTATION_COMMENTS = YES;
				CLANG_WARN_EMPTY_BODY = YES;
				CLANG_WARN_ENUM_CONVERSION = YES;
				CLANG_WARN_INFINITE_RECURSION = YES;
				CLANG_WARN_INT_CONVERSION = YES;
				CLANG_WARN_NON_LITERAL_NULL_CONVERSION = YES;
				CLANG_WARN_OBJC_IMPLICIT_RETAIN_SELF = YES;
				CLANG_WARN_OBJC_LITERAL_CONVERSION = YES;
				CLANG_WARN_OBJC_ROOT_CLASS = YES_ERROR;
				CLANG_WARN_QUOTED_INCLUDE_IN_FRAMEWORK_HEADER = YES;
				CLANG_WARN_RANGE_LOOP_ANALYSIS = YES;
				CLANG_WARN_STRICT_PROTOTYPES = YES;
				CLANG_WARN_SUSPICIOUS_MOVE = YES;
				CLANG_WARN_UNGUARDED_AVAILABILITY = YES_AGGRESSIVE;
				CLANG_WARN_UNREACHABLE_CODE = YES;
				CLANG_WARN__DUPLICATE_METHOD_MATCH = YES;
				COPY_PHASE_STRIP = NO;
				DEBUG_INFORMATION_FORMAT = dwarf;
				ENABLE_STRICT_OBJC_MSGSEND = YES;
				ENABLE_TESTABILITY = YES;
				ENABLE_USER_SCRIPT_SANDBOXING = YES;
				GCC_C_LANGUAGE_STANDARD = gnu17;
				GCC_DYNAMIC_NO_PIC = NO;
				GCC_NO_COMMON_BLOCKS = YES;
				GCC_OPTIMIZATION_LEVEL = 0;
				GCC_PREPROCESSOR_DEFINITIONS = (
					"DEBUG=1",
					"$(inherited)",
				);
				GCC_WARN_64_TO_32_BIT_CONVERSION = YES;
				GCC_WARN_ABOUT_RETURN_TYPE = YES_ERROR;
				GCC_WARN_UNDECLARED_SELECTOR = YES;
				GCC_WARN_UNINITIALIZED_AUTOS = YES_AGGRESSIVE;
				GCC_WARN_UNUSED_FUNCTION = YES;
				GCC_WARN_UNUSED_VARIABLE = YES;
				IPHONEOS_DEPLOYMENT_TARGET = 17.2;
				LOCALIZATION_PREFERS_STRING_CATALOGS = YES;
				MTL_ENABLE_DEBUG_INFO = INCLUDE_SOURCE;
				MTL_FAST_MATH = YES;
				ONLY_ACTIVE_ARCH = YES;
				SDKROOT = iphoneos;
				SWIFT_ACTIVE_COMPILATION_CONDITIONS = "DEBUG $(inherited)";
				SWIFT_OPTIMIZATION_LEVEL = "-Onone";
			};
			name = Debug;
		};
		C38958E02B8E0B23001A76F5 /* Release */ = {
			isa = XCBuildConfiguration;
			buildSettings = {
				ALWAYS_SEARCH_USER_PATHS = NO;
				ASSETCATALOG_COMPILER_GENERATE_SWIFT_ASSET_SYMBOL_EXTENSIONS = YES;
				CLANG_ANALYZER_NONNULL = YES;
				CLANG_ANALYZER_NUMBER_OBJECT_CONVERSION = YES_AGGRESSIVE;
				CLANG_CXX_LANGUAGE_STANDARD = "gnu++20";
				CLANG_ENABLE_MODULES = YES;
				CLANG_ENABLE_OBJC_ARC = YES;
				CLANG_ENABLE_OBJC_WEAK = YES;
				CLANG_WARN_BLOCK_CAPTURE_AUTORELEASING = YES;
				CLANG_WARN_BOOL_CONVERSION = YES;
				CLANG_WARN_COMMA = YES;
				CLANG_WARN_CONSTANT_CONVERSION = YES;
				CLANG_WARN_DEPRECATED_OBJC_IMPLEMENTATIONS = YES;
				CLANG_WARN_DIRECT_OBJC_ISA_USAGE = YES_ERROR;
				CLANG_WARN_DOCUMENTATION_COMMENTS = YES;
				CLANG_WARN_EMPTY_BODY = YES;
				CLANG_WARN_ENUM_CONVERSION = YES;
				CLANG_WARN_INFINITE_RECURSION = YES;
				CLANG_WARN_INT_CONVERSION = YES;
				CLANG_WARN_NON_LITERAL_NULL_CONVERSION = YES;
				CLANG_WARN_OBJC_IMPLICIT_RETAIN_SELF = YES;
				CLANG_WARN_OBJC_LITERAL_CONVERSION = YES;
				CLANG_WARN_OBJC_ROOT_CLASS = YES_ERROR;
				CLANG_WARN_QUOTED_INCLUDE_IN_FRAMEWORK_HEADER = YES;
				CLANG_WARN_RANGE_LOOP_ANALYSIS = YES;
				CLANG_WARN_STRICT_PROTOTYPES = YES;
				CLANG_WARN_SUSPICIOUS_MOVE = YES;
				CLANG_WARN_UNGUARDED_AVAILABILITY = YES_AGGRESSIVE;
				CLANG_WARN_UNREACHABLE_CODE = YES;
				CLANG_WARN__DUPLICATE_METHOD_MATCH = YES;
				COPY_PHASE_STRIP = NO;
				DEBUG_INFORMATION_FORMAT = "dwarf-with-dsym";
				ENABLE_NS_ASSERTIONS = NO;
				ENABLE_STRICT_OBJC_MSGSEND = YES;
				ENABLE_USER_SCRIPT_SANDBOXING = YES;
				GCC_C_LANGUAGE_STANDARD = gnu17;
				GCC_NO_COMMON_BLOCKS = YES;
				GCC_WARN_64_TO_32_BIT_CONVERSION = YES;
				GCC_WARN_ABOUT_RETURN_TYPE = YES_ERROR;
				GCC_WARN_UNDECLARED_SELECTOR = YES;
				GCC_WARN_UNINITIALIZED_AUTOS = YES_AGGRESSIVE;
				GCC_WARN_UNUSED_FUNCTION = YES;
				GCC_WARN_UNUSED_VARIABLE = YES;
				IPHONEOS_DEPLOYMENT_TARGET = 17.2;
				LOCALIZATION_PREFERS_STRING_CATALOGS = YES;
				MTL_ENABLE_DEBUG_INFO = NO;
				MTL_FAST_MATH = YES;
				SDKROOT = iphoneos;
				SWIFT_COMPILATION_MODE = wholemodule;
				VALIDATE_PRODUCT = YES;
			};
			name = Release;
		};
		C38958E22B8E0B23001A76F5 /* Debug */ = {
			isa = XCBuildConfiguration;
			buildSettings = {
				ASSETCATALOG_COMPILER_APPICON_NAME = AppIcon;
				ASSETCATALOG_COMPILER_GLOBAL_ACCENT_COLOR_NAME = AccentColor;
				CODE_SIGN_STYLE = Automatic;
				CURRENT_PROJECT_VERSION = 1;
				GENERATE_INFOPLIST_FILE = YES;
				INFOPLIST_FILE = RomanticCityApp/Info.plist;
				INFOPLIST_KEY_UIApplicationSupportsIndirectInputEvents = YES;
				INFOPLIST_KEY_UILaunchStoryboardName = LaunchScreen;
				INFOPLIST_KEY_UIMainStoryboardFile = Main;
				INFOPLIST_KEY_UISupportedInterfaceOrientations_iPad = "UIInterfaceOrientationPortrait UIInterfaceOrientationPortraitUpsideDown UIInterfaceOrientationLandscapeLeft UIInterfaceOrientationLandscapeRight";
				INFOPLIST_KEY_UISupportedInterfaceOrientations_iPhone = "UIInterfaceOrientationPortrait UIInterfaceOrientationLandscapeLeft UIInterfaceOrientationLandscapeRight";
				LD_RUNPATH_SEARCH_PATHS = (
					"$(inherited)",
					"@executable_path/Frameworks",
				);
				MARKETING_VERSION = 1.0;
				PRODUCT_BUNDLE_IDENTIFIER = "Nitesh-Sharma.RomanticCityApp";
				PRODUCT_NAME = "$(TARGET_NAME)";
				SWIFT_EMIT_LOC_STRINGS = YES;
				SWIFT_VERSION = 5.0;
				TARGETED_DEVICE_FAMILY = "1,2";
			};
			name = Debug;
		};
		C38958E32B8E0B23001A76F5 /* Release */ = {
			isa = XCBuildConfiguration;
			buildSettings = {
				ASSETCATALOG_COMPILER_APPICON_NAME = AppIcon;
				ASSETCATALOG_COMPILER_GLOBAL_ACCENT_COLOR_NAME = AccentColor;
				CODE_SIGN_STYLE = Automatic;
				CURRENT_PROJECT_VERSION = 1;
				GENERATE_INFOPLIST_FILE = YES;
				INFOPLIST_FILE = RomanticCityApp/Info.plist;
				INFOPLIST_KEY_UIApplicationSupportsIndirectInputEvents = YES;
				INFOPLIST_KEY_UILaunchStoryboardName = LaunchScreen;
				INFOPLIST_KEY_UIMainStoryboardFile = Main;
				INFOPLIST_KEY_UISupportedInterfaceOrientations_iPad = "UIInterfaceOrientationPortrait UIInterfaceOrientationPortraitUpsideDown UIInterfaceOrientationLandscapeLeft UIInterfaceOrientationLandscapeRight";
				INFOPLIST_KEY_UISupportedInterfaceOrientations_iPhone = "UIInterfaceOrientationPortrait UIInterfaceOrientationLandscapeLeft UIInterfaceOrientationLandscapeRight";
				LD_RUNPATH_SEARCH_PATHS = (
					"$(inherited)",
					"@executable_path/Frameworks",
				);
				MARKETING_VERSION = 1.0;
				PRODUCT_BUNDLE_IDENTIFIER = "Nitesh-Sharma.RomanticCityApp";
				PRODUCT_NAME = "$(TARGET_NAME)";
				SWIFT_EMIT_LOC_STRINGS = YES;
				SWIFT_VERSION = 5.0;
				TARGETED_DEVICE_FAMILY = "1,2";
			};
			name = Release;
		};
		C38958E52B8E0B23001A76F5 /* Debug */ = {
			isa = XCBuildConfiguration;
			buildSettings = {
				ALWAYS_EMBED_SWIFT_STANDARD_LIBRARIES = YES;
				BUNDLE_LOADER = "$(TEST_HOST)";
				CODE_SIGN_STYLE = Automatic;
				CURRENT_PROJECT_VERSION = 1;
				GENERATE_INFOPLIST_FILE = YES;
				IPHONEOS_DEPLOYMENT_TARGET = 17.2;
				MARKETING_VERSION = 1.0;
				PRODUCT_BUNDLE_IDENTIFIER = "Nitesh-Sharma.RomanticCityAppTests";
				PRODUCT_NAME = "$(TARGET_NAME)";
				SWIFT_EMIT_LOC_STRINGS = NO;
				SWIFT_VERSION = 5.0;
				TARGETED_DEVICE_FAMILY = "1,2";
				TEST_HOST = "$(BUILT_PRODUCTS_DIR)/RomanticCityApp.app/$(BUNDLE_EXECUTABLE_FOLDER_PATH)/RomanticCityApp";
			};
			name = Debug;
		};
		C38958E62B8E0B23001A76F5 /* Release */ = {
			isa = XCBuildConfiguration;
			buildSettings = {
				ALWAYS_EMBED_SWIFT_STANDARD_LIBRARIES = YES;
				BUNDLE_LOADER = "$(TEST_HOST)";
				CODE_SIGN_STYLE = Automatic;
				CURRENT_PROJECT_VERSION = 1;
				GENERATE_INFOPLIST_FILE = YES;
				IPHONEOS_DEPLOYMENT_TARGET = 17.2;
				MARKETING_VERSION = 1.0;
				PRODUCT_BUNDLE_IDENTIFIER = "Nitesh-Sharma.RomanticCityAppTests";
				PRODUCT_NAME = "$(TARGET_NAME)";
				SWIFT_EMIT_LOC_STRINGS = NO;
				SWIFT_VERSION = 5.0;
				TARGETED_DEVICE_FAMILY = "1,2";
				TEST_HOST = "$(BUILT_PRODUCTS_DIR)/RomanticCityApp.app/$(BUNDLE_EXECUTABLE_FOLDER_PATH)/RomanticCityApp";
			};
			name = Release;
		};
		C38958E82B8E0B23001A76F5 /* Debug */ = {
			isa = XCBuildConfiguration;
			buildSettings = {
				ALWAYS_EMBED_SWIFT_STANDARD_LIBRARIES = YES;
				CODE_SIGN_STYLE = Automatic;
				CURRENT_PROJECT_VERSION = 1;
				GENERATE_INFOPLIST_FILE = YES;
				MARKETING_VERSION = 1.0;
				PRODUCT_BUNDLE_IDENTIFIER = "Nitesh-Sharma.RomanticCityAppUITests";
				PRODUCT_NAME = "$(TARGET_NAME)";
				SWIFT_EMIT_LOC_STRINGS = NO;
				SWIFT_VERSION = 5.0;
				TARGETED_DEVICE_FAMILY = "1,2";
				TEST_TARGET_NAME = RomanticCityApp;
			};
			name = Debug;
		};
		C38958E92B8E0B23001A76F5 /* Release */ = {
			isa = XCBuildConfiguration;
			buildSettings = {
				ALWAYS_EMBED_SWIFT_STANDARD_LIBRARIES = YES;
				CODE_SIGN_STYLE = Automatic;
				CURRENT_PROJECT_VERSION = 1;
				GENERATE_INFOPLIST_FILE = YES;
				MARKETING_VERSION = 1.0;
				PRODUCT_BUNDLE_IDENTIFIER = "Nitesh-Sharma.RomanticCityAppUITests";
				PRODUCT_NAME = "$(TARGET_NAME)";
				SWIFT_EMIT_LOC_STRINGS = NO;
				SWIFT_VERSION = 5.0;
				TARGETED_DEVICE_FAMILY = "1,2";
				TEST_TARGET_NAME = RomanticCityApp;
			};
			name = Release;
		};
/* End XCBuildConfiguration section */

/* Begin XCConfigurationList section */
		C38958B22B8E0B1F001A76F5 /* Build configuration list for PBXProject "RomanticCityApp" */ = {
			isa = XCConfigurationList;
			buildConfigurations = (
				C38958DF2B8E0B23001A76F5 /* Debug */,
				C38958E02B8E0B23001A76F5 /* Release */,
			);
			defaultConfigurationIsVisible = 0;
			defaultConfigurationName = Release;
		};
		C38958E12B8E0B23001A76F5 /* Build configuration list for PBXNativeTarget "RomanticCityApp" */ = {
			isa = XCConfigurationList;
			buildConfigurations = (
				C38958E22B8E0B23001A76F5 /* Debug */,
				C38958E32B8E0B23001A76F5 /* Release */,
			);
			defaultConfigurationIsVisible = 0;
			defaultConfigurationName = Release;
		};
		C38958E42B8E0B23001A76F5 /* Build configuration list for PBXNativeTarget "RomanticCityAppTests" */ = {
			isa = XCConfigurationList;
			buildConfigurations = (
				C38958E52B8E0B23001A76F5 /* Debug */,
				C38958E62B8E0B23001A76F5 /* Release */,
			);
			defaultConfigurationIsVisible = 0;
			defaultConfigurationName = Release;
		};
		C38958E72B8E0B23001A76F5 /* Build configuration list for PBXNativeTarget "RomanticCityAppUITests" */ = {
			isa = XCConfigurationList;
			buildConfigurations = (
				C38958E82B8E0B23001A76F5 /* Debug */,
				C38958E92B8E0B23001A76F5 /* Release */,
			);
			defaultConfigurationIsVisible = 0;
			defaultConfigurationName = Release;
		};
/* End XCConfigurationList section */
	};
	rootObject = C38958AF2B8E0B1F001A76F5 /* Project object */;
}
